
Microsoft Visual Studio Solution File, Format Version 12.00
# Visual Studio Version 17
VisualStudioVersion = 17.3.32819.101
MinimumVisualStudioVersion = 10.0.40219.1
Project("{9A19103F-16F7-4668-BE54-9A1E7A4F7556}") = "APPZ.Server", "APPZ.Server\APPZ.Server.csproj", "{E05BD367-FFD9-4ABD-A3C8-1D7992ABF9D6}"
EndProject
Project("{9A19103F-16F7-4668-BE54-9A1E7A4F7556}") = "APPZ.Test", "APPZ.Test\APPZ.Test.csproj", "{BC7AEB11-D08B-4BD0-98D6-D18DAC6B0F2B}"
EndProject
Project("{9A19103F-16F7-4668-BE54-9A1E7A4F7556}") = "APPZ.Infrastructure", "APPZ.Infrastructure\APPZ.Infrastructure.csproj", "{E6A266D5-24F4-4C5D-B5FD-C6FBEF7E697A}"
EndProject
Project("{9A19103F-16F7-4668-BE54-9A1E7A4F7556}") = "APPZ.Core", "APPZ.Core\APPZ.Core.csproj", "{22CE2D92-6B1C-4DE3-843F-3FFAA8A71180}"
EndProject
Global
	GlobalSection(SolutionConfigurationPlatforms) = preSolution
		Debug|Any CPU = Debug|Any CPU
		Release|Any CPU = Release|Any CPU
	EndGlobalSection
	GlobalSection(ProjectConfigurationPlatforms) = postSolution
		{E05BD367-FFD9-4ABD-A3C8-1D7992ABF9D6}.Debug|Any CPU.ActiveCfg = Debug|Any CPU
		{E05BD367-FFD9-4ABD-A3C8-1D7992ABF9D6}.Debug|Any CPU.Build.0 = Debug|Any CPU
		{E05BD367-FFD9-4ABD-A3C8-1D7992ABF9D6}.Release|Any CPU.ActiveCfg = Release|Any CPU
		{E05BD367-FFD9-4ABD-A3C8-1D7992ABF9D6}.Release|Any CPU.Build.0 = Release|Any CPU
		{BC7AEB11-D08B-4BD0-98D6-D18DAC6B0F2B}.Debug|Any CPU.ActiveCfg = Debug|Any CPU
		{BC7AEB11-D08B-4BD0-98D6-D18DAC6B0F2B}.Debug|Any CPU.Build.0 = Debug|Any CPU
		{BC7AEB11-D08B-4BD0-98D6-D18DAC6B0F2B}.Release|Any CPU.ActiveCfg = Release|Any CPU
		{BC7AEB11-D08B-4BD0-98D6-D18DAC6B0F2B}.Release|Any CPU.Build.0 = Release|Any CPU
		{E6A266D5-24F4-4C5D-B5FD-C6FBEF7E697A}.Debug|Any CPU.ActiveCfg = Debug|Any CPU
		{E6A266D5-24F4-4C5D-B5FD-C6FBEF7E697A}.Debug|Any CPU.Build.0 = Debug|Any CPU
		{E6A266D5-24F4-4C5D-B5FD-C6FBEF7E697A}.Release|Any CPU.ActiveCfg = Release|Any CPU
		{E6A266D5-24F4-4C5D-B5FD-C6FBEF7E697A}.Release|Any CPU.Build.0 = Release|Any CPU
		{22CE2D92-6B1C-4DE3-843F-3FFAA8A71180}.Debug|Any CPU.ActiveCfg = Debug|Any CPU
		{22CE2D92-6B1C-4DE3-843F-3FFAA8A71180}.Debug|Any CPU.Build.0 = Debug|Any CPU
		{22CE2D92-6B1C-4DE3-843F-3FFAA8A71180}.Release|Any CPU.ActiveCfg = Release|Any CPU
		{22CE2D92-6B1C-4DE3-843F-3FFAA8A71180}.Release|Any CPU.Build.0 = Release|Any CPU
	EndGlobalSection
	GlobalSection(SolutionProperties) = preSolution
		HideSolutionNode = FALSE
	EndGlobalSection
	GlobalSection(ExtensibilityGlobals) = postSolution
		SolutionGuid = {9896429E-C74B-454E-B1C5-E6F6E28D6483}
	EndGlobalSection
EndGlobal
